
Microsoft Visual Studio Solution File, Format Version 12.00
# Visual Studio Version 17
VisualStudioVersion = 17.3.32922.545
MinimumVisualStudioVersion = 10.0.40219.1
Project("{FAE04EC0-301F-11D3-BF4B-00C04F79EFBC}") = "AssignmentOnePartB", "AssignmentOnePartB\AssignmentOnePartB.csproj", "{E3FC9239-A262-490B-B58E-0B20CC65E78F}"
EndProject
Global
	GlobalSection(SolutionConfigurationPlatforms) = preSolution
		Debug|Any CPU = Debug|Any CPU
		Release|Any CPU = Release|Any CPU
	EndGlobalSection
	GlobalSection(ProjectConfigurationPlatforms) = postSolution
		{E3FC9239-A262-490B-B58E-0B20CC65E78F}.Debug|Any CPU.ActiveCfg = Debug|Any CPU
		{E3FC9239-A262-490B-B58E-0B20CC65E78F}.Debug|Any CPU.Build.0 = Debug|Any CPU
		{E3FC9239-A262-490B-B58E-0B20CC65E78F}.Release|Any CPU.ActiveCfg = Release|Any CPU
		{E3FC9239-A262-490B-B58E-0B20CC65E78F}.Release|Any CPU.Build.0 = Release|Any CPU
	EndGlobalSection
	GlobalSection(SolutionProperties) = preSolution
		HideSolutionNode = FALSE
	EndGlobalSection
	GlobalSection(ExtensibilityGlobals) = postSolution
		SolutionGuid = {6429954D-4656-4285-A31B-BDF77F56C7D0}
	EndGlobalSection
EndGlobal
